// !$*UTF8*$!
{
	archiveVersion = 1;
	classes = {
	};
	objectVersion = 55;
	objects = {

/* Begin PBXBuildFile section */
		AD0F3EDC279E5D6D00B3CA9D /* AlamofireImage in Frameworks */ = {isa = PBXBuildFile; productRef = AD0F3EDB279E5D6D00B3CA9D /* AlamofireImage */; };
		AD8F37322798C40B0033F4A2 /* AppDelegate.swift in Sources */ = {isa = PBXBuildFile; fileRef = AD8F37312798C40B0033F4A2 /* AppDelegate.swift */; };
		AD8F37342798C40B0033F4A2 /* SceneDelegate.swift in Sources */ = {isa = PBXBuildFile; fileRef = AD8F37332798C40B0033F4A2 /* SceneDelegate.swift */; };
		AD8F37362798C40B0033F4A2 /* MoviesViewController.swift in Sources */ = {isa = PBXBuildFile; fileRef = AD8F37352798C40B0033F4A2 /* MoviesViewController.swift */; };
		AD8F37392798C40B0033F4A2 /* Main.storyboard in Resources */ = {isa = PBXBuildFile; fileRef = AD8F37372798C40B0033F4A2 /* Main.storyboard */; };
		AD8F373B2798C40D0033F4A2 /* Assets.xcassets in Resources */ = {isa = PBXBuildFile; fileRef = AD8F373A2798C40D0033F4A2 /* Assets.xcassets */; };
		AD8F373E2798C40D0033F4A2 /* LaunchScreen.storyboard in Resources */ = {isa = PBXBuildFile; fileRef = AD8F373C2798C40D0033F4A2 /* LaunchScreen.storyboard */; };
		AD8F37492798C40D0033F4A2 /* FlixTests.swift in Sources */ = {isa = PBXBuildFile; fileRef = AD8F37482798C40D0033F4A2 /* FlixTests.swift */; };
		AD8F37532798C40D0033F4A2 /* FlixUITests.swift in Sources */ = {isa = PBXBuildFile; fileRef = AD8F37522798C40D0033F4A2 /* FlixUITests.swift */; };
		AD8F37552798C40D0033F4A2 /* FlixUITestsLaunchTests.swift in Sources */ = {isa = PBXBuildFile; fileRef = AD8F37542798C40D0033F4A2 /* FlixUITestsLaunchTests.swift */; };
/* End PBXBuildFile section */

/* Begin PBXContainerItemProxy section */
		AD8F37452798C40D0033F4A2 /* PBXContainerItemProxy */ = {
			isa = PBXContainerItemProxy;
			containerPortal = AD8F37262798C40B0033F4A2 /* Project object */;
			proxyType = 1;
			remoteGlobalIDString = AD8F372D2798C40B0033F4A2;
			remoteInfo = Flix;
		};
		AD8F374F2798C40D0033F4A2 /* PBXContainerItemProxy */ = {
			isa = PBXContainerItemProxy;
			containerPortal = AD8F37262798C40B0033F4A2 /* Project object */;
			proxyType = 1;
			remoteGlobalIDString = AD8F372D2798C40B0033F4A2;
			remoteInfo = Flix;
		};
/* End PBXContainerItemProxy section */

/* Begin PBXFileReference section */
		AD8F372E2798C40B0033F4A2 /* Flix.app */ = {isa = PBXFileReference; explicitFileType = wrapper.application; includeInIndex = 0; path = Flix.app; sourceTree = BUILT_PRODUCTS_DIR; };
		AD8F37312798C40B0033F4A2 /* AppDelegate.swift */ = {isa = PBXFileReference; lastKnownFileType = sourcecode.swift; path = AppDelegate.swift; sourceTree = "<group>"; };
		AD8F37332798C40B0033F4A2 /* SceneDelegate.swift */ = {isa = PBXFileReference; lastKnownFileType = sourcecode.swift; path = SceneDelegate.swift; sourceTree = "<group>"; };
		AD8F37352798C40B0033F4A2 /* MoviesViewController.swift */ = {isa = PBXFileReference; lastKnownFileType = sourcecode.swift; path = MoviesViewController.swift; sourceTree = "<group>"; };
		AD8F37382798C40B0033F4A2 /* Base */ = {isa = PBXFileReference; lastKnownFileType = file.storyboard; name = Base; path = Base.lproj/Main.storyboard; sourceTree = "<group>"; };
		AD8F373A2798C40D0033F4A2 /* Assets.xcassets */ = {isa = PBXFileReference; lastKnownFileType = folder.assetcatalog; path = Assets.xcassets; sourceTree = "<group>"; };
		AD8F373D2798C40D0033F4A2 /* Base */ = {isa = PBXFileReference; lastKnownFileType = file.storyboard; name = Base; path = Base.lproj/LaunchScreen.storyboard; sourceTree = "<group>"; };
		AD8F373F2798C40D0033F4A2 /* Info.plist */ = {isa = PBXFileReference; lastKnownFileType = text.plist.xml; path = Info.plist; sourceTree = "<group>"; };
		AD8F37442798C40D0033F4A2 /* FlixTests.xctest */ = {isa = PBXFileReference; explicitFileType = wrapper.cfbundle; includeInIndex = 0; path = FlixTests.xctest; sourceTree = BUILT_PRODUCTS_DIR; };
		AD8F37482798C40D0033F4A2 /* FlixTests.swift */ = {isa = PBXFileReference; lastKnownFileType = sourcecode.swift; path = FlixTests.swift; sourceTree = "<group>"; };
		AD8F374E2798C40D0033F4A2 /* FlixUITests.xctest */ = {isa = PBXFileReference; explicitFileType = wrapper.cfbundle; includeInIndex = 0; path = FlixUITests.xctest; sourceTree = BUILT_PRODUCTS_DIR; };
		AD8F37522798C40D0033F4A2 /* FlixUITests.swift */ = {isa = PBXFileReference; lastKnownFileType = sourcecode.swift; path = FlixUITests.swift; sourceTree = "<group>"; };
		AD8F37542798C40D0033F4A2 /* FlixUITestsLaunchTests.swift */ = {isa = PBXFileReference; lastKnownFileType = sourcecode.swift; path = FlixUITestsLaunchTests.swift; sourceTree = "<group>"; };
/* End PBXFileReference section */

/* Begin PBXFrameworksBuildPhase section */
		AD8F372B2798C40B0033F4A2 /* Frameworks */ = {
			isa = PBXFrameworksBuildPhase;
			buildActionMask = 2147483647;
			files = (
				AD0F3EDC279E5D6D00B3CA9D /* AlamofireImage in Frameworks */,
			);
			runOnlyForDeploymentPostprocessing = 0;
		};
		AD8F37412798C40D0033F4A2 /* Frameworks */ = {
			isa = PBXFrameworksBuildPhase;
			buildActionMask = 2147483647;
			files = (
			);
			runOnlyForDeploymentPostprocessing = 0;
		};
		AD8F374B2798C40D0033F4A2 /* Frameworks */ = {
			isa = PBXFrameworksBuildPhase;
			buildActionMask = 2147483647;
			files = (
			);
			runOnlyForDeploymentPostprocessing = 0;
		};
/* End PBXFrameworksBuildPhase section */

/* Begin PBXGroup section */
		AD8F37252798C40B0033F4A2 = {
			isa = PBXGroup;
			children = (
				AD8F37302798C40B0033F4A2 /* Flix */,
				AD8F37472798C40D0033F4A2 /* FlixTests */,
				AD8F37512798C40D0033F4A2 /* FlixUITests */,
				AD8F372F2798C40B0033F4A2 /* Products */,
			);
			sourceTree = "<group>";
		};
		AD8F372F2798C40B0033F4A2 /* Products */ = {
			isa = PBXGroup;
			children = (
				AD8F372E2798C40B0033F4A2 /* Flix.app */,
				AD8F37442798C40D0033F4A2 /* FlixTests.xctest */,
				AD8F374E2798C40D0033F4A2 /* FlixUITests.xctest */,
			);
			name = Products;
			sourceTree = "<group>";
		};
		AD8F37302798C40B0033F4A2 /* Flix */ = {
			isa = PBXGroup;
			children = (
				AD8F37312798C40B0033F4A2 /* AppDelegate.swift */,
				AD8F37332798C40B0033F4A2 /* SceneDelegate.swift */,
				AD8F37352798C40B0033F4A2 /* MoviesViewController.swift */,
				AD8F37372798C40B0033F4A2 /* Main.storyboard */,
				AD8F373A2798C40D0033F4A2 /* Assets.xcassets */,
				AD8F373C2798C40D0033F4A2 /* LaunchScreen.storyboard */,
				AD8F373F2798C40D0033F4A2 /* Info.plist */,
			);
			path = Flix;
			sourceTree = "<group>";
		};
		AD8F37472798C40D0033F4A2 /* FlixTests */ = {
			isa = PBXGroup;
			children = (
				AD8F37482798C40D0033F4A2 /* FlixTests.swift */,
			);
			path = FlixTests;
			sourceTree = "<group>";
		};
		AD8F37512798C40D0033F4A2 /* FlixUITests */ = {
			isa = PBXGroup;
			children = (
				AD8F37522798C40D0033F4A2 /* FlixUITests.swift */,
				AD8F37542798C40D0033F4A2 /* FlixUITestsLaunchTests.swift */,
			);
			path = FlixUITests;
			sourceTree = "<group>";
		};
/* End PBXGroup section */

/* Begin PBXNativeTarget section */
		AD8F372D2798C40B0033F4A2 /* Flix */ = {
			isa = PBXNativeTarget;
			buildConfigurationList = AD8F37582798C40D0033F4A2 /* Build configuration list for PBXNativeTarget "Flix" */;
			buildPhases = (
				AD8F372A2798C40B0033F4A2 /* Sources */,
				AD8F372B2798C40B0033F4A2 /* Frameworks */,
				AD8F372C2798C40B0033F4A2 /* Resources */,
			);
			buildRules = (
			);
			dependencies = (
			);
			name = Flix;
			packageProductDependencies = (
				AD0F3EDB279E5D6D00B3CA9D /* AlamofireImage */,
			);
			productName = Flix;
			productReference = AD8F372E2798C40B0033F4A2 /* Flix.app */;
			productType = "com.apple.product-type.application";
		};
		AD8F37432798C40D0033F4A2 /* FlixTests */ = {
			isa = PBXNativeTarget;
			buildConfigurationList = AD8F375B2798C40D0033F4A2 /* Build configuration list for PBXNativeTarget "FlixTests" */;
			buildPhases = (
				AD8F37402798C40D0033F4A2 /* Sources */,
				AD8F37412798C40D0033F4A2 /* Frameworks */,
				AD8F37422798C40D0033F4A2 /* Resources */,
			);
			buildRules = (
			);
			dependencies = (
				AD8F37462798C40D0033F4A2 /* PBXTargetDependency */,
			);
			name = FlixTests;
			productName = FlixTests;
			productReference = AD8F37442798C40D0033F4A2 /* FlixTests.xctest */;
			productType = "com.apple.product-type.bundle.unit-test";
		};
		AD8F374D2798C40D0033F4A2 /* FlixUITests */ = {
			isa = PBXNativeTarget;
			buildConfigurationList = AD8F375E2798C40D0033F4A2 /* Build configuration list for PBXNativeTarget "FlixUITests" */;
			buildPhases = (
				AD8F374A2798C40D0033F4A2 /* Sources */,
				AD8F374B2798C40D0033F4A2 /* Frameworks */,
				AD8F374C2798C40D0033F4A2 /* Resources */,
			);
			buildRules = (
			);
			dependencies = (
				AD8F37502798C40D0033F4A2 /* PBXTargetDependency */,
			);
			name = FlixUITests;
			productName = FlixUITests;
			productReference = AD8F374E2798C40D0033F4A2 /* FlixUITests.xctest */;
			productType = "com.apple.product-type.bundle.ui-testing";
		};
/* End PBXNativeTarget section */

/* Begin PBXProject section */
		AD8F37262798C40B0033F4A2 /* Project object */ = {
			isa = PBXProject;
			attributes = {
				BuildIndependentTargetsInParallel = 1;
				LastSwiftUpdateCheck = 1320;
				LastUpgradeCheck = 1320;
				TargetAttributes = {
					AD8F372D2798C40B0033F4A2 = {
						CreatedOnToolsVersion = 13.2.1;
					};
					AD8F37432798C40D0033F4A2 = {
						CreatedOnToolsVersion = 13.2.1;
						TestTargetID = AD8F372D2798C40B0033F4A2;
					};
					AD8F374D2798C40D0033F4A2 = {
						CreatedOnToolsVersion = 13.2.1;
						TestTargetID = AD8F372D2798C40B0033F4A2;
					};
				};
			};
			buildConfigurationList = AD8F37292798C40B0033F4A2 /* Build configuration list for PBXProject "Flix" */;
			compatibilityVersion = "Xcode 13.0";
			developmentRegion = en;
			hasScannedForEncodings = 0;
			knownRegions = (
				en,
				Base,
			);
			mainGroup = AD8F37252798C40B0033F4A2;
			packageReferences = (
				AD0F3EDA279E5D6D00B3CA9D /* XCRemoteSwiftPackageReference "AlamofireImage" */,
			);
			productRefGroup = AD8F372F2798C40B0033F4A2 /* Products */;
			projectDirPath = "";
			projectRoot = "";
			targets = (
				AD8F372D2798C40B0033F4A2 /* Flix */,
				AD8F37432798C40D0033F4A2 /* FlixTests */,
				AD8F374D2798C40D0033F4A2 /* FlixUITests */,
			);
		};
/* End PBXProject section */

/* Begin PBXResourcesBuildPhase section */
		AD8F372C2798C40B0033F4A2 /* Resources */ = {
			isa = PBXResourcesBuildPhase;
			buildActionMask = 2147483647;
			files = (
				AD8F373E2798C40D0033F4A2 /* LaunchScreen.storyboard in Resources */,
				AD8F373B2798C40D0033F4A2 /* Assets.xcassets in Resources */,
				AD8F37392798C40B0033F4A2 /* Main.storyboard in Resources */,
			);
			runOnlyForDeploymentPostprocessing = 0;
		};
		AD8F37422798C40D0033F4A2 /* Resources */ = {
			isa = PBXResourcesBuildPhase;
			buildActionMask = 2147483647;
			files = (
			);
			runOnlyForDeploymentPostprocessing = 0;
		};
		AD8F374C2798C40D0033F4A2 /* Resources */ = {
			isa = PBXResourcesBuildPhase;
			buildActionMask = 2147483647;
			files = (
			);
			runOnlyForDeploymentPostprocessing = 0;
		};
/* End PBXResourcesBuildPhase section */

/* Begin PBXSourcesBuildPhase section */
		AD8F372A2798C40B0033F4A2 /* Sources */ = {
			isa = PBXSourcesBuildPhase;
			buildActionMask = 2147483647;
			files = (
				AD8F37362798C40B0033F4A2 /* MoviesViewController.swift in Sources */,
				AD8F37322798C40B0033F4A2 /* AppDelegate.swift in Sources */,
				AD8F37342798C40B0033F4A2 /* SceneDelegate.swift in Sources */,
			);
			runOnlyForDeploymentPostprocessing = 0;
		};
		AD8F37402798C40D0033F4A2 /* Sources */ = {
			isa = PBXSourcesBuildPhase;
			buildActionMask = 2147483647;
			files = (
				AD8F37492798C40D0033F4A2 /* FlixTests.swift in Sources */,
			);
			runOnlyForDeploymentPostprocessing = 0;
		};
		AD8F374A2798C40D0033F4A2 /* Sources */ = {
			isa = PBXSourcesBuildPhase;
			buildActionMask = 2147483647;
			files = (
				AD8F37532798C40D0033F4A2 /* FlixUITests.swift in Sources */,
				AD8F37552798C40D0033F4A2 /* FlixUITestsLaunchTests.swift in Sources */,
			);
			runOnlyForDeploymentPostprocessing = 0;
		};
/* End PBXSourcesBuildPhase section */

/* Begin PBXTargetDependency section */
		AD8F37462798C40D0033F4A2 /* PBXTargetDependency */ = {
			isa = PBXTargetDependency;
			target = AD8F372D2798C40B0033F4A2 /* Flix */;
			targetProxy = AD8F37452798C40D0033F4A2 /* PBXContainerItemProxy */;
		};
		AD8F37502798C40D0033F4A2 /* PBXTargetDependency */ = {
			isa = PBXTargetDependency;
			target = AD8F372D2798C40B0033F4A2 /* Flix */;
			targetProxy = AD8F374F2798C40D0033F4A2 /* PBXContainerItemProxy */;
		};
/* End PBXTargetDependency section */

/* Begin PBXVariantGroup section */
		AD8F37372798C40B0033F4A2 /* Main.storyboard */ = {
			isa = PBXVariantGroup;
			children = (
				AD8F37382798C40B0033F4A2 /* Base */,
			);
			name = Main.storyboard;
			sourceTree = "<group>";
		};
		AD8F373C2798C40D0033F4A2 /* LaunchScreen.storyboard */ = {
			isa = PBXVariantGroup;
			children = (
				AD8F373D2798C40D0033F4A2 /* Base */,
			);
			name = LaunchScreen.storyboard;
			sourceTree = "<group>";
		};
/* End PBXVariantGroup section */

/* Begin XCBuildConfiguration section */
		AD8F37562798C40D0033F4A2 /* Debug */ = {
			isa = XCBuildConfiguration;
			buildSettings = {
				ALWAYS_SEARCH_USER_PATHS = NO;
				CLANG_ANALYZER_NONNULL = YES;
				CLANG_ANALYZER_NUMBER_OBJECT_CONVERSION = YES_AGGRESSIVE;
				CLANG_CXX_LANGUAGE_STANDARD = "gnu++17";
				CLANG_CXX_LIBRARY = "libc++";
				CLANG_ENABLE_MODULES = YES;
				CLANG_ENABLE_OBJC_ARC = YES;
				CLANG_ENABLE_OBJC_WEAK = YES;
				CLANG_WARN_BLOCK_CAPTURE_AUTORELEASING = YES;
				CLANG_WARN_BOOL_CONVERSION = YES;
				CLANG_WARN_COMMA = YES;
				CLANG_WARN_CONSTANT_CONVERSION = YES;
				CLANG_WARN_DEPRECATED_OBJC_IMPLEMENTATIONS = YES;
				CLANG_WARN_DIRECT_OBJC_ISA_USAGE = YES_ERROR;
				CLANG_WARN_DOCUMENTATION_COMMENTS = YES;
				CLANG_WARN_EMPTY_BODY = YES;
				CLANG_WARN_ENUM_CONVERSION = YES;
				CLANG_WARN_INFINITE_RECURSION = YES;
				CLANG_WARN_INT_CONVERSION = YES;
				CLANG_WARN_NON_LITERAL_NULL_CONVERSION = YES;
				CLANG_WARN_OBJC_IMPLICIT_RETAIN_SELF = YES;
				CLANG_WARN_OBJC_LITERAL_CONVERSION = YES;
				CLANG_WARN_OBJC_ROOT_CLASS = YES_ERROR;
				CLANG_WARN_QUOTED_INCLUDE_IN_FRAMEWORK_HEADER = YES;
				CLANG_WARN_RANGE_LOOP_ANALYSIS = YES;
				CLANG_WARN_STRICT_PROTOTYPES = YES;
				CLANG_WARN_SUSPICIOUS_MOVE = YES;
				CLANG_WARN_UNGUARDED_AVAILABILITY = YES_AGGRESSIVE;
				CLANG_WARN_UNREACHABLE_CODE = YES;
				CLANG_WARN__DUPLICATE_METHOD_MATCH = YES;
				COPY_PHASE_STRIP = NO;
				DEBUG_INFORMATION_FORMAT = dwarf;
				ENABLE_STRICT_OBJC_MSGSEND = YES;
				ENABLE_TESTABILITY = YES;
				GCC_C_LANGUAGE_STANDARD = gnu11;
				GCC_DYNAMIC_NO_PIC = NO;
				GCC_NO_COMMON_BLOCKS = YES;
				GCC_OPTIMIZATION_LEVEL = 0;
				GCC_PREPROCESSOR_DEFINITIONS = (
					"DEBUG=1",
					"$(inherited)",
				);
				GCC_WARN_64_TO_32_BIT_CONVERSION = YES;
				GCC_WARN_ABOUT_RETURN_TYPE = YES_ERROR;
				GCC_WARN_UNDECLARED_SELECTOR = YES;
				GCC_WARN_UNINITIALIZED_AUTOS = YES_AGGRESSIVE;
				GCC_WARN_UNUSED_FUNCTION = YES;
				GCC_WARN_UNUSED_VARIABLE = YES;
				IPHONEOS_DEPLOYMENT_TARGET = 15.2;
				MTL_ENABLE_DEBUG_INFO = INCLUDE_SOURCE;
				MTL_FAST_MATH = YES;
				ONLY_ACTIVE_ARCH = YES;
				SDKROOT = iphoneos;
				SWIFT_ACTIVE_COMPILATION_CONDITIONS = DEBUG;
				SWIFT_OPTIMIZATION_LEVEL = "-Onone";
			};
			name = Debug;
		};
		AD8F37572798C40D0033F4A2 /* Release */ = {
			isa = XCBuildConfiguration;
			buildSettings = {
				ALWAYS_SEARCH_USER_PATHS = NO;
				CLANG_ANALYZER_NONNULL = YES;
				CLANG_ANALYZER_NUMBER_OBJECT_CONVERSION = YES_AGGRESSIVE;
				CLANG_CXX_LANGUAGE_STANDARD = "gnu++17";
				CLANG_CXX_LIBRARY = "libc++";
				CLANG_ENABLE_MODULES = YES;
				CLANG_ENABLE_OBJC_ARC = YES;
				CLANG_ENABLE_OBJC_WEAK = YES;
				CLANG_WARN_BLOCK_CAPTURE_AUTORELEASING = YES;
				CLANG_WARN_BOOL_CONVERSION = YES;
				CLANG_WARN_COMMA = YES;
				CLANG_WARN_CONSTANT_CONVERSION = YES;
				CLANG_WARN_DEPRECATED_OBJC_IMPLEMENTATIONS = YES;
				CLANG_WARN_DIRECT_OBJC_ISA_USAGE = YES_ERROR;
				CLANG_WARN_DOCUMENTATION_COMMENTS = YES;
				CLANG_WARN_EMPTY_BODY = YES;
				CLANG_WARN_ENUM_CONVERSION = YES;
				CLANG_WARN_INFINITE_RECURSION = YES;
				CLANG_WARN_INT_CONVERSION = YES;
				CLANG_WARN_NON_LITERAL_NULL_CONVERSION = YES;
				CLANG_WARN_OBJC_IMPLICIT_RETAIN_SELF = YES;
				CLANG_WARN_OBJC_LITERAL_CONVERSION = YES;
				CLANG_WARN_OBJC_ROOT_CLASS = YES_ERROR;
				CLANG_WARN_QUOTED_INCLUDE_IN_FRAMEWORK_HEADER = YES;
				CLANG_WARN_RANGE_LOOP_ANALYSIS = YES;
				CLANG_WARN_STRICT_PROTOTYPES = YES;
				CLANG_WARN_SUSPICIOUS_MOVE = YES;
				CLANG_WARN_UNGUARDED_AVAILABILITY = YES_AGGRESSIVE;
				CLANG_WARN_UNREACHABLE_CODE = YES;
				CLANG_WARN__DUPLICATE_METHOD_MATCH = YES;
				COPY_PHASE_STRIP = NO;
				DEBUG_INFORMATION_FORMAT = "dwarf-with-dsym";
				ENABLE_NS_ASSERTIONS = NO;
				ENABLE_STRICT_OBJC_MSGSEND = YES;
				GCC_C_LANGUAGE_STANDARD = gnu11;
				GCC_NO_COMMON_BLOCKS = YES;
				GCC_WARN_64_TO_32_BIT_CONVERSION = YES;
				GCC_WARN_ABOUT_RETURN_TYPE = YES_ERROR;
				GCC_WARN_UNDECLARED_SELECTOR = YES;
				GCC_WARN_UNINITIALIZED_AUTOS = YES_AGGRESSIVE;
				GCC_WARN_UNUSED_FUNCTION = YES;
				GCC_WARN_UNUSED_VARIABLE = YES;
				IPHONEOS_DEPLOYMENT_TARGET = 15.2;
				MTL_ENABLE_DEBUG_INFO = NO;
				MTL_FAST_MATH = YES;
				SDKROOT = iphoneos;
				SWIFT_COMPILATION_MODE = wholemodule;
				SWIFT_OPTIMIZATION_LEVEL = "-O";
				VALIDATE_PRODUCT = YES;
			};
			name = Release;
		};
		AD8F37592798C40D0033F4A2 /* Debug */ = {
			isa = XCBuildConfiguration;
			buildSettings = {
				ASSETCATALOG_COMPILER_APPICON_NAME = AppIcon;
				ASSETCATALOG_COMPILER_GLOBAL_ACCENT_COLOR_NAME = AccentColor;
				CODE_SIGN_STYLE = Automatic;
				CURRENT_PROJECT_VERSION = 1;
				DEVELOPMENT_TEAM = KTBBQ39D8P;
				GENERATE_INFOPLIST_FILE = YES;
				INFOPLIST_FILE = Flix/Info.plist;
				INFOPLIST_KEY_UIApplicationSupportsIndirectInputEvents = YES;
				INFOPLIST_KEY_UILaunchStoryboardName = LaunchScreen;
				INFOPLIST_KEY_UIMainStoryboardFile = Main;
				INFOPLIST_KEY_UISupportedInterfaceOrientations_iPad = "UIInterfaceOrientationPortrait UIInterfaceOrientationPortraitUpsideDown UIInterfaceOrientationLandscapeLeft UIInterfaceOrientationLandscapeRight";
				INFOPLIST_KEY_UISupportedInterfaceOrientations_iPhone = "UIInterfaceOrientationPortrait UIInterfaceOrientationLandscapeLeft UIInterfaceOrientationLandscapeRight";
				LD_RUNPATH_SEARCH_PATHS = (
					"$(inherited)",
					"@executable_path/Frameworks",
				);
				MARKETING_VERSION = 1.0;
				PRODUCT_BUNDLE_IDENTIFIER = WeiqiZhuang.com.Flix;
				PRODUCT_NAME = "$(TARGET_NAME)";
				SWIFT_EMIT_LOC_STRINGS = YES;
				SWIFT_VERSION = 5.0;
				TARGETED_DEVICE_FAMILY = "1,2";
			};
			name = Debug;
		};
		AD8F375A2798C40D0033F4A2 /* Release */ = {
			isa = XCBuildConfiguration;
			buildSettings = {
				ASSETCATALOG_COMPILER_APPICON_NAME = AppIcon;
				ASSETCATALOG_COMPILER_GLOBAL_ACCENT_COLOR_NAME = AccentColor;
				CODE_SIGN_STYLE = Automatic;
				CURRENT_PROJECT_VERSION = 1;
				DEVELOPMENT_TEAM = KTBBQ39D8P;
				GENERATE_INFOPLIST_FILE = YES;
				INFOPLIST_FILE = Flix/Info.plist;
				INFOPLIST_KEY_UIApplicationSupportsIndirectInputEvents = YES;
				INFOPLIST_KEY_UILaunchStoryboardName = LaunchScreen;
				INFOPLIST_KEY_UIMainStoryboardFile = Main;
				INFOPLIST_KEY_UISupportedInterfaceOrientations_iPad = "UIInterfaceOrientationPortrait UIInterfaceOrientationPortraitUpsideDown UIInterfaceOrientationLandscapeLeft UIInterfaceOrientationLandscapeRight";
				INFOPLIST_KEY_UISupportedInterfaceOrientations_iPhone = "UIInterfaceOrientationPortrait UIInterfaceOrientationLandscapeLeft UIInterfaceOrientationLandscapeRight";
				LD_RUNPATH_SEARCH_PATHS = (
					"$(inherited)",
					"@executable_path/Frameworks",
				);
				MARKETING_VERSION = 1.0;
				PRODUCT_BUNDLE_IDENTIFIER = WeiqiZhuang.com.Flix;
				PRODUCT_NAME = "$(TARGET_NAME)";
				SWIFT_EMIT_LOC_STRINGS = YES;
				SWIFT_VERSION = 5.0;
				TARGETED_DEVICE_FAMILY = "1,2";
			};
			name = Release;
		};
		AD8F375C2798C40D0033F4A2 /* Debug */ = {
			isa = XCBuildConfiguration;
			buildSettings = {
				ALWAYS_EMBED_SWIFT_STANDARD_LIBRARIES = YES;
				BUNDLE_LOADER = "$(TEST_HOST)";
				CODE_SIGN_STYLE = Automatic;
				CURRENT_PROJECT_VERSION = 1;
				DEVELOPMENT_TEAM = KTBBQ39D8P;
				GENERATE_INFOPLIST_FILE = YES;
				IPHONEOS_DEPLOYMENT_TARGET = 15.2;
				MARKETING_VERSION = 1.0;
				PRODUCT_BUNDLE_IDENTIFIER = WeiqiZhuang.com.FlixTests;
				PRODUCT_NAME = "$(TARGET_NAME)";
				SWIFT_EMIT_LOC_STRINGS = NO;
				SWIFT_VERSION = 5.0;
				TARGETED_DEVICE_FAMILY = "1,2";
				TEST_HOST = "$(BUILT_PRODUCTS_DIR)/Flix.app/Flix";
			};
			name = Debug;
		};
		AD8F375D2798C40D0033F4A2 /* Release */ = {
			isa = XCBuildConfiguration;
			buildSettings = {
				ALWAYS_EMBED_SWIFT_STANDARD_LIBRARIES = YES;
				BUNDLE_LOADER = "$(TEST_HOST)";
				CODE_SIGN_STYLE = Automatic;
				CURRENT_PROJECT_VERSION = 1;
				DEVELOPMENT_TEAM = KTBBQ39D8P;
				GENERATE_INFOPLIST_FILE = YES;
				IPHONEOS_DEPLOYMENT_TARGET = 15.2;
				MARKETING_VERSION = 1.0;
				PRODUCT_BUNDLE_IDENTIFIER = WeiqiZhuang.com.FlixTests;
				PRODUCT_NAME = "$(TARGET_NAME)";
				SWIFT_EMIT_LOC_STRINGS = NO;
				SWIFT_VERSION = 5.0;
				TARGETED_DEVICE_FAMILY = "1,2";
				TEST_HOST = "$(BUILT_PRODUCTS_DIR)/Flix.app/Flix";
			};
			name = Release;
		};
		AD8F375F2798C40D0033F4A2 /* Debug */ = {
			isa = XCBuildConfiguration;
			buildSettings = {
				ALWAYS_EMBED_SWIFT_STANDARD_LIBRARIES = YES;
				CODE_SIGN_STYLE = Automatic;
				CURRENT_PROJECT_VERSION = 1;
				DEVELOPMENT_TEAM = KTBBQ39D8P;
				GENERATE_INFOPLIST_FILE = YES;
				MARKETING_VERSION = 1.0;
				PRODUCT_BUNDLE_IDENTIFIER = WeiqiZhuang.com.FlixUITests;
				PRODUCT_NAME = "$(TARGET_NAME)";
				SWIFT_EMIT_LOC_STRINGS = NO;
				SWIFT_VERSION = 5.0;
				TARGETED_DEVICE_FAMILY = "1,2";
				TEST_TARGET_NAME = Flix;
			};
			name = Debug;
		};
		AD8F37602798C40D0033F4A2 /* Release */ = {
			isa = XCBuildConfiguration;
			buildSettings = {
				ALWAYS_EMBED_SWIFT_STANDARD_LIBRARIES = YES;
				CODE_SIGN_STYLE = Automatic;
				CURRENT_PROJECT_VERSION = 1;
				DEVELOPMENT_TEAM = KTBBQ39D8P;
				GENERATE_INFOPLIST_FILE = YES;
				MARKETING_VERSION = 1.0;
				PRODUCT_BUNDLE_IDENTIFIER = WeiqiZhuang.com.FlixUITests;
				PRODUCT_NAME = "$(TARGET_NAME)";
				SWIFT_EMIT_LOC_STRINGS = NO;
				SWIFT_VERSION = 5.0;
				TARGETED_DEVICE_FAMILY = "1,2";
				TEST_TARGET_NAME = Flix;
			};
			name = Release;
		};
/* End XCBuildConfiguration section */

/* Begin XCConfigurationList section */
		AD8F37292798C40B0033F4A2 /* Build configuration list for PBXProject "Flix" */ = {
			isa = XCConfigurationList;
			buildConfigurations = (
				AD8F37562798C40D0033F4A2 /* Debug */,
				AD8F37572798C40D0033F4A2 /* Release */,
			);
			defaultConfigurationIsVisible = 0;
			defaultConfigurationName = Release;
		};
		AD8F37582798C40D0033F4A2 /* Build configuration list for PBXNativeTarget "Flix" */ = {
			isa = XCConfigurationList;
			buildConfigurations = (
				AD8F37592798C40D0033F4A2 /* Debug */,
				AD8F375A2798C40D0033F4A2 /* Release */,
			);
			defaultConfigurationIsVisible = 0;
			defaultConfigurationName = Release;
		};
		AD8F375B2798C40D0033F4A2 /* Build configuration list for PBXNativeTarget "FlixTests" */ = {
			isa = XCConfigurationList;
			buildConfigurations = (
				AD8F375C2798C40D0033F4A2 /* Debug */,
				AD8F375D2798C40D0033F4A2 /* Release */,
			);
			defaultConfigurationIsVisible = 0;
			defaultConfigurationName = Release;
		};
		AD8F375E2798C40D0033F4A2 /* Build configuration list for PBXNativeTarget "FlixUITests" */ = {
			isa = XCConfigurationList;
			buildConfigurations = (
				AD8F375F2798C40D0033F4A2 /* Debug */,
				AD8F37602798C40D0033F4A2 /* Release */,
			);
			defaultConfigurationIsVisible = 0;
			defaultConfigurationName = Release;
		};
/* End XCConfigurationList section */

/* Begin XCRemoteSwiftPackageReference section */
		AD0F3EDA279E5D6D00B3CA9D /* XCRemoteSwiftPackageReference "AlamofireImage" */ = {
			isa = XCRemoteSwiftPackageReference;
			repositoryURL = "https://github.com/Alamofire/AlamofireImage";
			requirement = {
				kind = upToNextMajorVersion;
				minimumVersion = 4.0.0;
			};
		};
/* End XCRemoteSwiftPackageReference section */

/* Begin XCSwiftPackageProductDependency section */
		AD0F3EDB279E5D6D00B3CA9D /* AlamofireImage */ = {
			isa = XCSwiftPackageProductDependency;
			package = AD0F3EDA279E5D6D00B3CA9D /* XCRemoteSwiftPackageReference "AlamofireImage" */;
			productName = AlamofireImage;
		};
/* End XCSwiftPackageProductDependency section */
	};
	rootObject = AD8F37262798C40B0033F4A2 /* Project object */;
}
